# Locked dependencies for the Behave/Gherkin feature suite.
# Python 3.12 CI uses the pinned wheels below; hashes bind the exact artifacts.
behave==1.3.3 \
    --hash=sha256:89bdb62af8fb9f147ce245736a5de69f025e5edfb66f1fbe16c5007493f842c0
colorama==0.4.6 \
    --hash=sha256:4f1d9991f5acc0ca119f9d443620b77f9d6b33703e51011c16baf57afb285fc6
cucumber-expressions==19.0.1 \
    --hash=sha256:391edfdd750d0e12b97254e80470337f82315552a4d55404da363369dc84460d
cucumber-tag-expressions==9.1.0 \
    --hash=sha256:cca145d677a942c1877e5a2cf13da8c6ec99260988877c817efd284d8455bb56
parse==1.22.1 \
    --hash=sha256:20f0925a46f06602485ac90d751764d0697fd8455aaa97489ba8953a4b66de32
parse-type==0.6.6 \
    --hash=sha256:3ca79bbe71e170dfccc8ec6c341edfd1c2a0fc1e5cfd18330f93af938de2348c
six==1.17.0 \
    --hash=sha256:4721f391ed90541fddacab5acf947aa0d3dc7d27b2e1e8eda2be8970586c3274
